Microsoft Visual Studio Solution File, Format Version 12.00
# Visual Studio Version 17
VisualStudioVersion = 17.5.2.0
MinimumVisualStudioVersion = 10.0.40219.1
Project("{FAE04EC0-301F-11D3-BF4B-00C04F79EFBC}") = "GastosResidenciais.API", "GastosResidenciais.API\GastosResidenciais.API.csproj", "{775AFDA3-278B-B69B-3511-08D30A3A72F1}"
EndProject
Global
	GlobalSection(SolutionConfigurationPlatforms) = preSolution
		Debug|Any CPU = Debug|Any CPU
		Release|Any CPU = Release|Any CPU
	EndGlobalSection
	GlobalSection(ProjectConfigurationPlatforms) = postSolution
		{775AFDA3-278B-B69B-3511-08D30A3A72F1}.Debug|Any CPU.ActiveCfg = Debug|Any CPU
		{775AFDA3-278B-B69B-3511-08D30A3A72F1}.Debug|Any CPU.Build.0 = Debug|Any CPU
		{775AFDA3-278B-B69B-3511-08D30A3A72F1}.Release|Any CPU.ActiveCfg = Release|Any CPU
		{775AFDA3-278B-B69B-3511-08D30A3A72F1}.Release|Any CPU.Build.0 = Release|Any CPU
	EndGlobalSection
	GlobalSection(SolutionProperties) = preSolution
		HideSolutionNode = FALSE
	EndGlobalSection
	GlobalSection(ExtensibilityGlobals) = postSolution
		SolutionGuid = {FA68E904-349E-4764-BE5E-85735EA7DEB6}
	EndGlobalSection
EndGlobal
